// !$*UTF8*$!
{
	archiveVersion = 1;
	classes = {
	};
	objectVersion = 46;
	objects = {

/* Begin PBXBuildFile section */
		527756721B40E42700A68671 /* main.m in Sources */ = {isa = PBXBuildFile; fileRef = 527756711B40E42700A68671 /* main.m */; };
		527756751B40E42700A68671 /* AppDelegate.m in Sources */ = {isa = PBXBuildFile; fileRef = 527756741B40E42700A68671 /* AppDelegate.m */; };
		527756781B40E42700A68671 /* NZLib.xcdatamodeld in Sources */ = {isa = PBXBuildFile; fileRef = 527756761B40E42700A68671 /* NZLib.xcdatamodeld */; };
		5277567B1B40E42700A68671 /* ExampleController.m in Sources */ = {isa = PBXBuildFile; fileRef = 5277567A1B40E42700A68671 /* ExampleController.m */; };
		5277567E1B40E42700A68671 /* Main.storyboard in Resources */ = {isa = PBXBuildFile; fileRef = 5277567C1B40E42700A68671 /* Main.storyboard */; };
		527756801B40E42700A68671 /* Images.xcassets in Resources */ = {isa = PBXBuildFile; fileRef = 5277567F1B40E42700A68671 /* Images.xcassets */; };
		527756831B40E42700A68671 /* LaunchScreen.xib in Resources */ = {isa = PBXBuildFile; fileRef = 527756811B40E42700A68671 /* LaunchScreen.xib */; };
		5277568F1B40E42700A68671 /* NZLibTests.m in Sources */ = {isa = PBXBuildFile; fileRef = 5277568E1B40E42700A68671 /* NZLibTests.m */; };
		5277569D1B40E55F00A68671 /* AlertUtil.m in Sources */ = {isa = PBXBuildFile; fileRef = 5277569C1B40E55F00A68671 /* AlertUtil.m */; };
/* End PBXBuildFile section */

/* Begin PBXContainerItemProxy section */
		527756891B40E42700A68671 /* PBXContainerItemProxy */ = {
			isa = PBXContainerItemProxy;
			containerPortal = 527756641B40E42700A68671 /* Project object */;
			proxyType = 1;
			remoteGlobalIDString = 5277566B1B40E42700A68671;
			remoteInfo = NZLib;
		};
/* End PBXContainerItemProxy section */

/* Begin PBXFileReference section */
		5277566C1B40E42700A68671 /* NZLib.app */ = {isa = PBXFileReference; explicitFileType = wrapper.application; includeInIndex = 0; path = NZLib.app; sourceTree = BUILT_PRODUCTS_DIR; };
		527756701B40E42700A68671 /* Info.plist */ = {isa = PBXFileReference; lastKnownFileType = text.plist.xml; path = Info.plist; sourceTree = "<group>"; };
		527756711B40E42700A68671 /* main.m */ = {isa = PBXFileReference; lastKnownFileType = sourcecode.c.objc; path = main.m; sourceTree = "<group>"; };
		527756731B40E42700A68671 /* AppDelegate.h */ = {isa = PBXFileReference; lastKnownFileType = sourcecode.c.h; path = AppDelegate.h; sourceTree = "<group>"; };
		527756741B40E42700A68671 /* AppDelegate.m */ = {isa = PBXFileReference; lastKnownFileType = sourcecode.c.objc; path = AppDelegate.m; sourceTree = "<group>"; };
		527756771B40E42700A68671 /* NZLib.xcdatamodel */ = {isa = PBXFileReference; lastKnownFileType = wrapper.xcdatamodel; path = NZLib.xcdatamodel; sourceTree = "<group>"; };
		527756791B40E42700A68671 /* ExampleController.h */ = {isa = PBXFileReference; lastKnownFileType = sourcecode.c.h; path = ExampleController.h; sourceTree = "<group>"; };
		5277567A1B40E42700A68671 /* ExampleController.m */ = {isa = PBXFileReference; lastKnownFileType = sourcecode.c.objc; path = ExampleController.m; sourceTree = "<group>"; };
		5277567D1B40E42700A68671 /* Base */ = {isa = PBXFileReference; lastKnownFileType = file.storyboard; name = Base; path = Base.lproj/Main.storyboard; sourceTree = "<group>"; };
		5277567F1B40E42700A68671 /* Images.xcassets */ = {isa = PBXFileReference; lastKnownFileType = folder.assetcatalog; path = Images.xcassets; sourceTree = "<group>"; };
		527756821B40E42700A68671 /* Base */ = {isa = PBXFileReference; lastKnownFileType = file.xib; name = Base; path = Base.lproj/LaunchScreen.xib; sourceTree = "<group>"; };
		527756881B40E42700A68671 /* NZLibTests.xctest */ = {isa = PBXFileReference; explicitFileType = wrapper.cfbundle; includeInIndex = 0; path = NZLibTests.xctest; sourceTree = BUILT_PRODUCTS_DIR; };
		5277568D1B40E42700A68671 /* Info.plist */ = {isa = PBXFileReference; lastKnownFileType = text.plist.xml; path = Info.plist; sourceTree = "<group>"; };
		5277568E1B40E42700A68671 /* NZLibTests.m */ = {isa = PBXFileReference; lastKnownFileType = sourcecode.c.objc; path = NZLibTests.m; sourceTree = "<group>"; };
		5277569B1B40E55F00A68671 /* AlertUtil.h */ = {isa = PBXFileReference; fileEncoding = 4; lastKnownFileType = sourcecode.c.h; path = AlertUtil.h; sourceTree = "<group>"; };
		5277569C1B40E55F00A68671 /* AlertUtil.m */ = {isa = PBXFileReference; fileEncoding = 4; lastKnownFileType = sourcecode.c.objc; path = AlertUtil.m; sourceTree = "<group>"; };
/* End PBXFileReference section */

/* Begin PBXFrameworksBuildPhase section */
		527756691B40E42700A68671 /* Frameworks */ = {
			isa = PBXFrameworksBuildPhase;
			buildActionMask = 2147483647;
			files = (
			);
			runOnlyForDeploymentPostprocessing = 0;
		};
		527756851B40E42700A68671 /* Frameworks */ = {
			isa = PBXFrameworksBuildPhase;
			buildActionMask = 2147483647;
			files = (
			);
			runOnlyForDeploymentPostprocessing = 0;
		};
/* End PBXFrameworksBuildPhase section */

/* Begin PBXGroup section */
		527756631B40E42700A68671 = {
			isa = PBXGroup;
			children = (
				5277566E1B40E42700A68671 /* NZLib */,
				5277568B1B40E42700A68671 /* NZLibTests */,
				5277566D1B40E42700A68671 /* Products */,
			);
			sourceTree = "<group>";
		};
		5277566D1B40E42700A68671 /* Products */ = {
			isa = PBXGroup;
			children = (
				5277566C1B40E42700A68671 /* NZLib.app */,
				527756881B40E42700A68671 /* NZLibTests.xctest */,
			);
			name = Products;
			sourceTree = "<group>";
		};
		5277566E1B40E42700A68671 /* NZLib */ = {
			isa = PBXGroup;
			children = (
				5277569A1B40E54600A68671 /* Util */,
				527756731B40E42700A68671 /* AppDelegate.h */,
				527756741B40E42700A68671 /* AppDelegate.m */,
				527756791B40E42700A68671 /* ExampleController.h */,
				5277567A1B40E42700A68671 /* ExampleController.m */,
				5277567C1B40E42700A68671 /* Main.storyboard */,
				5277567F1B40E42700A68671 /* Images.xcassets */,
				527756811B40E42700A68671 /* LaunchScreen.xib */,
				527756761B40E42700A68671 /* NZLib.xcdatamodeld */,
				5277566F1B40E42700A68671 /* Supporting Files */,
			);
			path = NZLib;
			sourceTree = "<group>";
		};
		5277566F1B40E42700A68671 /* Supporting Files */ = {
			isa = PBXGroup;
			children = (
				527756701B40E42700A68671 /* Info.plist */,
				527756711B40E42700A68671 /* main.m */,
			);
			name = "Supporting Files";
			sourceTree = "<group>";
		};
		5277568B1B40E42700A68671 /* NZLibTests */ = {
			isa = PBXGroup;
			children = (
				5277568E1B40E42700A68671 /* NZLibTests.m */,
				5277568C1B40E42700A68671 /* Supporting Files */,
			);
			path = NZLibTests;
			sourceTree = "<group>";
		};
		5277568C1B40E42700A68671 /* Supporting Files */ = {
			isa = PBXGroup;
			children = (
				5277568D1B40E42700A68671 /* Info.plist */,
			);
			name = "Supporting Files";
			sourceTree = "<group>";
		};
		5277569A1B40E54600A68671 /* Util */ = {
			isa = PBXGroup;
			children = (
				5277569B1B40E55F00A68671 /* AlertUtil.h */,
				5277569C1B40E55F00A68671 /* AlertUtil.m */,
			);
			path = Util;
			sourceTree = "<group>";
		};
/* End PBXGroup section */

/* Begin PBXNativeTarget section */
		5277566B1B40E42700A68671 /* NZLib */ = {
			isa = PBXNativeTarget;
			buildConfigurationList = 527756921B40E42700A68671 /* Build configuration list for PBXNativeTarget "NZLib" */;
			buildPhases = (
				527756681B40E42700A68671 /* Sources */,
				527756691B40E42700A68671 /* Frameworks */,
				5277566A1B40E42700A68671 /* Resources */,
			);
			buildRules = (
			);
			dependencies = (
			);
			name = NZLib;
			productName = NZLib;
			productReference = 5277566C1B40E42700A68671 /* NZLib.app */;
			productType = "com.apple.product-type.application";
		};
		527756871B40E42700A68671 /* NZLibTests */ = {
			isa = PBXNativeTarget;
			buildConfigurationList = 527756951B40E42700A68671 /* Build configuration list for PBXNativeTarget "NZLibTests" */;
			buildPhases = (
				527756841B40E42700A68671 /* Sources */,
				527756851B40E42700A68671 /* Frameworks */,
				527756861B40E42700A68671 /* Resources */,
			);
			buildRules = (
			);
			dependencies = (
				5277568A1B40E42700A68671 /* PBXTargetDependency */,
			);
			name = NZLibTests;
			productName = NZLibTests;
			productReference = 527756881B40E42700A68671 /* NZLibTests.xctest */;
			productType = "com.apple.product-type.bundle.unit-test";
		};
/* End PBXNativeTarget section */

/* Begin PBXProject section */
		527756641B40E42700A68671 /* Project object */ = {
			isa = PBXProject;
			attributes = {
				LastUpgradeCheck = 0610;
				ORGANIZATIONNAME = psc.com;
				TargetAttributes = {
					5277566B1B40E42700A68671 = {
						CreatedOnToolsVersion = 6.1.1;
					};
					527756871B40E42700A68671 = {
						CreatedOnToolsVersion = 6.1.1;
						TestTargetID = 5277566B1B40E42700A68671;
					};
				};
			};
			buildConfigurationList = 527756671B40E42700A68671 /* Build configuration list for PBXProject "NZLib" */;
			compatibilityVersion = "Xcode 3.2";
			developmentRegion = English;
			hasScannedForEncodings = 0;
			knownRegions = (
				en,
				Base,
			);
			mainGroup = 527756631B40E42700A68671;
			productRefGroup = 5277566D1B40E42700A68671 /* Products */;
			projectDirPath = "";
			projectRoot = "";
			targets = (
				5277566B1B40E42700A68671 /* NZLib */,
				527756871B40E42700A68671 /* NZLibTests */,
			);
		};
/* End PBXProject section */

/* Begin PBXResourcesBuildPhase section */
		5277566A1B40E42700A68671 /* Resources */ = {
			isa = PBXResourcesBuildPhase;
			buildActionMask = 2147483647;
			files = (
				5277567E1B40E42700A68671 /* Main.storyboard in Resources */,
				527756831B40E42700A68671 /* LaunchScreen.xib in Resources */,
				527756801B40E42700A68671 /* Images.xcassets in Resources */,
			);
			runOnlyForDeploymentPostprocessing = 0;
		};
		527756861B40E42700A68671 /* Resources */ = {
			isa = PBXResourcesBuildPhase;
			buildActionMask = 2147483647;
			files = (
			);
			runOnlyForDeploymentPostprocessing = 0;
		};
/* End PBXResourcesBuildPhase section */

/* Begin PBXSourcesBuildPhase section */
		527756681B40E42700A68671 /* Sources */ = {
			isa = PBXSourcesBuildPhase;
			buildActionMask = 2147483647;
			files = (
				527756781B40E42700A68671 /* NZLib.xcdatamodeld in Sources */,
				527756751B40E42700A68671 /* AppDelegate.m in Sources */,
				5277567B1B40E42700A68671 /* ExampleController.m in Sources */,
				5277569D1B40E55F00A68671 /* AlertUtil.m in Sources */,
				527756721B40E42700A68671 /* main.m in Sources */,
			);
			runOnlyForDeploymentPostprocessing = 0;
		};
		527756841B40E42700A68671 /* Sources */ = {
			isa = PBXSourcesBuildPhase;
			buildActionMask = 2147483647;
			files = (
				5277568F1B40E42700A68671 /* NZLibTests.m in Sources */,
			);
			runOnlyForDeploymentPostprocessing = 0;
		};
/* End PBXSourcesBuildPhase section */

/* Begin PBXTargetDependency section */
		5277568A1B40E42700A68671 /* PBXTargetDependency */ = {
			isa = PBXTargetDependency;
			target = 5277566B1B40E42700A68671 /* NZLib */;
			targetProxy = 527756891B40E42700A68671 /* PBXContainerItemProxy */;
		};
/* End PBXTargetDependency section */

/* Begin PBXVariantGroup section */
		5277567C1B40E42700A68671 /* Main.storyboard */ = {
			isa = PBXVariantGroup;
			children = (
				5277567D1B40E42700A68671 /* Base */,
			);
			name = Main.storyboard;
			sourceTree = "<group>";
		};
		527756811B40E42700A68671 /* LaunchScreen.xib */ = {
			isa = PBXVariantGroup;
			children = (
				527756821B40E42700A68671 /* Base */,
			);
			name = LaunchScreen.xib;
			sourceTree = "<group>";
		};
/* End PBXVariantGroup section */

/* Begin XCBuildConfiguration section */
		527756901B40E42700A68671 /* Debug */ = {
			isa = XCBuildConfiguration;
			buildSettings = {
				ALWAYS_SEARCH_USER_PATHS = NO;
				CLANG_CXX_LANGUAGE_STANDARD = "gnu++0x";
				CLANG_CXX_LIBRARY = "libc++";
				CLANG_ENABLE_MODULES = YES;
				CLANG_ENABLE_OBJC_ARC = YES;
				CLANG_WARN_BOOL_CONVERSION = YES;
				CLANG_WARN_CONSTANT_CONVERSION = YES;
				CLANG_WARN_DIRECT_OBJC_ISA_USAGE = YES_ERROR;
				CLANG_WARN_EMPTY_BODY = YES;
				CLANG_WARN_ENUM_CONVERSION = YES;
				CLANG_WARN_INT_CONVERSION = YES;
				CLANG_WARN_OBJC_ROOT_CLASS = YES_ERROR;
				CLANG_WARN_UNREACHABLE_CODE = YES;
				CLANG_WARN__DUPLICATE_METHOD_MATCH = YES;
				"CODE_SIGN_IDENTITY[sdk=iphoneos*]" = "iPhone Developer";
				COPY_PHASE_STRIP = NO;
				ENABLE_STRICT_OBJC_MSGSEND = YES;
				GCC_C_LANGUAGE_STANDARD = gnu99;
				GCC_DYNAMIC_NO_PIC = NO;
				GCC_OPTIMIZATION_LEVEL = 0;
				GCC_PREPROCESSOR_DEFINITIONS = (
					"DEBUG=1",
					"$(inherited)",
				);
				GCC_SYMBOLS_PRIVATE_EXTERN = NO;
				GCC_WARN_64_TO_32_BIT_CONVERSION = YES;
				GCC_WARN_ABOUT_RETURN_TYPE = YES_ERROR;
				GCC_WARN_UNDECLARED_SELECTOR = YES;
				GCC_WARN_UNINITIALIZED_AUTOS = YES_AGGRESSIVE;
				GCC_WARN_UNUSED_FUNCTION = YES;
				GCC_WARN_UNUSED_VARIABLE = YES;
				IPHONEOS_DEPLOYMENT_TARGET = 8.1;
				MTL_ENABLE_DEBUG_INFO = YES;
				ONLY_ACTIVE_ARCH = YES;
				SDKROOT = iphoneos;
			};
			name = Debug;
		};
		527756911B40E42700A68671 /* Release */ = {
			isa = XCBuildConfiguration;
			buildSettings = {
				ALWAYS_SEARCH_USER_PATHS = NO;
				CLANG_CXX_LANGUAGE_STANDARD = "gnu++0x";
				CLANG_CXX_LIBRARY = "libc++";
				CLANG_ENABLE_MODULES = YES;
				CLANG_ENABLE_OBJC_ARC = YES;
				CLANG_WARN_BOOL_CONVERSION = YES;
				CLANG_WARN_CONSTANT_CONVERSION = YES;
				CLANG_WARN_DIRECT_OBJC_ISA_USAGE = YES_ERROR;
				CLANG_WARN_EMPTY_BODY = YES;
				CLANG_WARN_ENUM_CONVERSION = YES;
				CLANG_WARN_INT_CONVERSION = YES;
				CLANG_WARN_OBJC_ROOT_CLASS = YES_ERROR;
				CLANG_WARN_UNREACHABLE_CODE = YES;
				CLANG_WARN__DUPLICATE_METHOD_MATCH = YES;
				"CODE_SIGN_IDENTITY[sdk=iphoneos*]" = "iPhone Developer";
				COPY_PHASE_STRIP = YES;
				ENABLE_NS_ASSERTIONS = NO;
				ENABLE_STRICT_OBJC_MSGSEND = YES;
				GCC_C_LANGUAGE_STANDARD = gnu99;
				GCC_WARN_64_TO_32_BIT_CONVERSION = YES;
				GCC_WARN_ABOUT_RETURN_TYPE = YES_ERROR;
				GCC_WARN_UNDECLARED_SELECTOR = YES;
				GCC_WARN_UNINITIALIZED_AUTOS = YES_AGGRESSIVE;
				GCC_WARN_UNUSED_FUNCTION = YES;
				GCC_WARN_UNUSED_VARIABLE = YES;
				IPHONEOS_DEPLOYMENT_TARGET = 8.1;
				MTL_ENABLE_DEBUG_INFO = NO;
				SDKROOT = iphoneos;
				VALIDATE_PRODUCT = YES;
			};
			name = Release;
		};
		527756931B40E42700A68671 /* Debug */ = {
			isa = XCBuildConfiguration;
			buildSettings = {
				ASSETCATALOG_COMPILER_APPICON_NAME = AppIcon;
				INFOPLIST_FILE = NZLib/Info.plist;
				LD_RUNPATH_SEARCH_PATHS = "$(inherited) @executable_path/Frameworks";
				PRODUCT_NAME = "$(TARGET_NAME)";
			};
			name = Debug;
		};
		527756941B40E42700A68671 /* Release */ = {
			isa = XCBuildConfiguration;
			buildSettings = {
				ASSETCATALOG_COMPILER_APPICON_NAME = AppIcon;
				INFOPLIST_FILE = NZLib/Info.plist;
				LD_RUNPATH_SEARCH_PATHS = "$(inherited) @executable_path/Frameworks";
				PRODUCT_NAME = "$(TARGET_NAME)";
			};
			name = Release;
		};
		527756961B40E42700A68671 /* Debug */ = {
			isa = XCBuildConfiguration;
			buildSettings = {
				BUNDLE_LOADER = "$(TEST_HOST)";
				FRAMEWORK_SEARCH_PATHS = (
					"$(SDKROOT)/Developer/Library/Frameworks",
					"$(inherited)",
				);
				GCC_PREPROCESSOR_DEFINITIONS = (
					"DEBUG=1",
					"$(inherited)",
				);
				INFOPLIST_FILE = NZLibTests/Info.plist;
				LD_RUNPATH_SEARCH_PATHS = "$(inherited) @executable_path/Frameworks @loader_path/Frameworks";
				PRODUCT_NAME = "$(TARGET_NAME)";
				TEST_HOST = "$(BUILT_PRODUCTS_DIR)/NZLib.app/NZLib";
			};
			name = Debug;
		};
		527756971B40E42700A68671 /* Release */ = {
			isa = XCBuildConfiguration;
			buildSettings = {
				BUNDLE_LOADER = "$(TEST_HOST)";
				FRAMEWORK_SEARCH_PATHS = (
					"$(SDKROOT)/Developer/Library/Frameworks",
					"$(inherited)",
				);
				INFOPLIST_FILE = NZLibTests/Info.plist;
				LD_RUNPATH_SEARCH_PATHS = "$(inherited) @executable_path/Frameworks @loader_path/Frameworks";
				PRODUCT_NAME = "$(TARGET_NAME)";
				TEST_HOST = "$(BUILT_PRODUCTS_DIR)/NZLib.app/NZLib";
			};
			name = Release;
		};
/* End XCBuildConfiguration section */

/* Begin XCConfigurationList section */
		527756671B40E42700A68671 /* Build configuration list for PBXProject "NZLib" */ = {
			isa = XCConfigurationList;
			buildConfigurations = (
				527756901B40E42700A68671 /* Debug */,
				527756911B40E42700A68671 /* Release */,
			);
			defaultConfigurationIsVisible = 0;
			defaultConfigurationName = Release;
		};
		527756921B40E42700A68671 /* Build configuration list for PBXNativeTarget "NZLib" */ = {
			isa = XCConfigurationList;
			buildConfigurations = (
				527756931B40E42700A68671 /* Debug */,
				527756941B40E42700A68671 /* Release */,
			);
			defaultConfigurationIsVisible = 0;
			defaultConfigurationName = Release;
		};
		527756951B40E42700A68671 /* Build configuration list for PBXNativeTarget "NZLibTests" */ = {
			isa = XCConfigurationList;
			buildConfigurations = (
				527756961B40E42700A68671 /* Debug */,
				527756971B40E42700A68671 /* Release */,
			);
			defaultConfigurationIsVisible = 0;
			defaultConfigurationName = Release;
		};
/* End XCConfigurationList section */

/* Begin XCVersionGroup section */
		527756761B40E42700A68671 /* NZLib.xcdatamodeld */ = {
			isa = XCVersionGroup;
			children = (
				527756771B40E42700A68671 /* NZLib.xcdatamodel */,
			);
			currentVersion = 527756771B40E42700A68671 /* NZLib.xcdatamodel */;
			path = NZLib.xcdatamodeld;
			sourceTree = "<group>";
			versionGroupType = wrapper.xcdatamodel;
		};
/* End XCVersionGroup section */
	};
	rootObject = 527756641B40E42700A68671 /* Project object */;
}
